
Microsoft Visual Studio Solution File, Format Version 12.00
# Visual Studio Express 2012 for Windows Desktop
Project("{8BC9CEB8-8B4A-11D0-8D11-00A0C91BC942}") = "a1_2", "a1_2\a1_2.vcxproj", "{F051E283-4A74-4F60-BD52-B1C0D90E821C}"
EndProject
Global
	GlobalSection(SolutionConfigurationPlatforms) = preSolution
		Debug|Win32 = Debug|Win32
		Release|Win32 = Release|Win32
	EndGlobalSection
	GlobalSection(ProjectConfigurationPlatforms) = postSolution
		{F051E283-4A74-4F60-BD52-B1C0D90E821C}.Debug|Win32.ActiveCfg = Debug|Win32
		{F051E283-4A74-4F60-BD52-B1C0D90E821C}.Debug|Win32.Build.0 = Debug|Win32
		{F051E283-4A74-4F60-BD52-B1C0D90E821C}.Release|Win32.ActiveCfg = Release|Win32
		{F051E283-4A74-4F60-BD52-B1C0D90E821C}.Release|Win32.Build.0 = Release|Win32
	EndGlobalSection
	GlobalSection(SolutionProperties) = preSolution
		HideSolutionNode = FALSE
	EndGlobalSection
EndGlobal
