
Microsoft Visual Studio Solution File, Format Version 12.00
# Visual Studio Express 2012 for Windows Desktop
Project("{8BC9CEB8-8B4A-11D0-8D11-00A0C91BC942}") = "TEST AGAIN", "TEST AGAIN\TEST AGAIN.vcxproj", "{3D667227-2E73-42D3-8D86-4F1870B0C50D}"
EndProject
Global
	GlobalSection(SolutionConfigurationPlatforms) = preSolution
		Debug|Win32 = Debug|Win32
		Release|Win32 = Release|Win32
	EndGlobalSection
	GlobalSection(ProjectConfigurationPlatforms) = postSolution
		{3D667227-2E73-42D3-8D86-4F1870B0C50D}.Debug|Win32.ActiveCfg = Debug|Win32
		{3D667227-2E73-42D3-8D86-4F1870B0C50D}.Debug|Win32.Build.0 = Debug|Win32
		{3D667227-2E73-42D3-8D86-4F1870B0C50D}.Release|Win32.ActiveCfg = Release|Win32
		{3D667227-2E73-42D3-8D86-4F1870B0C50D}.Release|Win32.Build.0 = Release|Win32
	EndGlobalSection
	GlobalSection(SolutionProperties) = preSolution
		HideSolutionNode = FALSE
	EndGlobalSection
EndGlobal
